{
  "requires": true,
  "lockfileVersion": 1,
  "dependencies": {
    "@zoltu/ethereum-browser-sdk": {
      "version": "file:../ethereum-browser-sdk/library"
    },
    "@zoltu/ethereum-fetch-json-rpc": {
      "version": "2.0.0",
      "resolved": "https://registry.npmjs.org/@zoltu/ethereum-fetch-json-rpc/-/ethereum-fetch-json-rpc-2.0.0.tgz",
      "integrity": "sha512-vcUNSTvsK8cOA42snYonuPMVQCA9VtuSIZBquW0uWcvYDUzVKqSVHh/5XIGavVxkeowDAhyrAR48MU5XGeRWig==",
      "requires": {
        "@zoltu/ethereum-types": "3.0.0"
      }
    },
    "@zoltu/ethereum-types": {
      "version": "3.0.0",
      "resolved": "https://registry.npmjs.org/@zoltu/ethereum-types/-/ethereum-types-3.0.0.tgz",
      "integrity": "sha512-Je+Nr853rqTL4CbexYl7UaFGN5zKdByzmU+URtaTRG1QS8B4eLLgD1vmZxAzlDuQC9lFstuFCSEYggkHkfJ7cw=="
    },
    "@zoltu/recoverable-wallet-library": {
      "version": "file:../contracts"
    },
    "es-module-shims": {
      "version": "0.2.15",
      "resolved": "https://registry.npmjs.org/es-module-shims/-/es-module-shims-0.2.15.tgz",
      "integrity": "sha512-KJt8AdAIauSa9DDY442VqfiMHtFd2bG2cUtKuqycQUR7/0q2Uw+iM7ckQuma6j82u64Hz1wIG0eH+4m8l+mliA=="
    },
    "knockout": {
      "version": "3.5.0",
      "resolved": "https://registry.npmjs.org/knockout/-/knockout-3.5.0.tgz",
      "integrity": "sha512-vBUF/IsBDzaejHkNpiquKdc5uPrImXuQ4Mb9lEfNNJ5cyHGI8ThDupR+h3eMFZhfmPE/brfwcIAn/fm0yOvJUg=="
    },
    "recursive-fs": {
      "version": "1.1.2",
      "resolved": "https://registry.npmjs.org/recursive-fs/-/recursive-fs-1.1.2.tgz",
      "integrity": "sha512-QPFEt5EwzwlHoqYsZc+NkUSyDTQf1Hvq7c/kpQJHi77OSCAiDXI3wfB0J04ZG+ekGHmv37mdR8MDPEshD3/RlQ==",
      "dev": true
    }
  }
}
