{
  "requires": true,
  "lockfileVersion": 1,
  "dependencies": {
    "@types/prop-types": {
      "version": "15.7.3",
      "resolved": "https://registry.npmjs.org/@types/prop-types/-/prop-types-15.7.3.tgz",
      "integrity": "sha512-KfRL3PuHmqQLOG+2tGpRO26Ctg+Cq1E01D2DMriKEATHgWLfeNDmq9e29Q9WIky0dQ3NPkd1mzYH8Lm936Z9qw==",
      "dev": true
    },
    "@types/react": {
      "version": "16.9.3",
      "resolved": "https://registry.npmjs.org/@types/react/-/react-16.9.3.tgz",
      "integrity": "sha512-Ogb2nSn+2qQv5opoCv7Ls5yFxtyrdUYxp5G+SWTrlGk7dmFKw331GiezCgEZj9U7QeXJi1CDtws9pdXU1zUL4g==",
      "dev": true,
      "requires": {
        "@types/prop-types": "*",
        "csstype": "^2.2.0"
      }
    },
    "@types/react-dom": {
      "version": "16.9.1",
      "resolved": "https://registry.npmjs.org/@types/react-dom/-/react-dom-16.9.1.tgz",
      "integrity": "sha512-1S/akvkKr63qIUWVu5IKYou2P9fHLb/P2VAwyxVV85JGaGZTcUniMiTuIqM3lXFB25ej6h+CYEQ27ERVwi6eGA==",
      "dev": true,
      "requires": {
        "@types/react": "*"
      }
    },
    "@zoltu/ethereum-abi-encoder": {
      "version": "1.0.0",
      "resolved": "https://registry.npmjs.org/@zoltu/ethereum-abi-encoder/-/ethereum-abi-encoder-1.0.0.tgz",
      "integrity": "sha512-bP/XCao6AjkrmXS2O+Re8aITWATu2ywpxq7gUxyKGnpSmAi8Zac9ioPZPl/lYQsoOEvD8eTXOiKLd0VMFBEZSw==",
      "requires": {
        "@zoltu/ethereum-types": "3.0.1"
      }
    },
    "@zoltu/ethereum-browser-sdk": {
      "version": "file:../ethereum-browser-sdk/library"
    },
    "@zoltu/ethereum-crypto": {
      "version": "1.0.1",
      "resolved": "https://registry.npmjs.org/@zoltu/ethereum-crypto/-/ethereum-crypto-1.0.1.tgz",
      "integrity": "sha512-PrQp/X7ABkANYB8AQA98Xk+66Oy4IWCycW5r34jWcyzzFaik7cxo2ivJ0RBQEBBef9+7IFTrsxVsWXO799Td5A=="
    },
    "@zoltu/ethereum-fetch-json-rpc": {
      "version": "2.0.1",
      "resolved": "https://registry.npmjs.org/@zoltu/ethereum-fetch-json-rpc/-/ethereum-fetch-json-rpc-2.0.1.tgz",
      "integrity": "sha512-BQV+usp71KAy1rCbF7rPVHe1tAlRdhmLTpLgZuJoMRRqNEwjLi3jA9bhv+45fKJZfjQsY4NwXGiog7PXPyc54Q==",
      "requires": {
        "@zoltu/ethereum-types": "3.0.0"
      },
      "dependencies": {
        "@zoltu/ethereum-types": {
          "version": "3.0.0",
          "resolved": "https://registry.npmjs.org/@zoltu/ethereum-types/-/ethereum-types-3.0.0.tgz",
          "integrity": "sha512-Je+Nr853rqTL4CbexYl7UaFGN5zKdByzmU+URtaTRG1QS8B4eLLgD1vmZxAzlDuQC9lFstuFCSEYggkHkfJ7cw=="
        }
      }
    },
    "@zoltu/ethereum-types": {
      "version": "3.0.1",
      "resolved": "https://registry.npmjs.org/@zoltu/ethereum-types/-/ethereum-types-3.0.1.tgz",
      "integrity": "sha512-5EalQqt4f8/RSmHBMO1Ts67AP0pBZwIynFDrlQwq1qAPyqZVaZ6HtJSUysYherXOyEqIHFkeeMqTpJcJJOXphw=="
    },
    "@zoltu/rlp-encoder": {
      "version": "1.0.2",
      "resolved": "https://registry.npmjs.org/@zoltu/rlp-encoder/-/rlp-encoder-1.0.2.tgz",
      "integrity": "sha512-0Vd1bA6NdQx+hOxzP5DYXCudXhPRpx3LG6l+EqPhRYr+BE+GlokEr3QWTMJzOqgcDAL/nwhLhoeVJYJwAIV5zg=="
    },
    "csstype": {
      "version": "2.6.6",
      "resolved": "https://registry.npmjs.org/csstype/-/csstype-2.6.6.tgz",
      "integrity": "sha512-RpFbQGUE74iyPgvr46U9t1xoQBM8T4BL8SxrN66Le2xYAPSaDJJKeztV3awugusb3g3G9iL8StmkBBXhcbbXhg==",
      "dev": true
    },
    "es-module-shims": {
      "version": "0.4.5",
      "resolved": "https://registry.npmjs.org/es-module-shims/-/es-module-shims-0.4.5.tgz",
      "integrity": "sha512-ZswOhFAZug93sma2ck7/YnqsfxV7SWLhXY7Rsw5reU12LTPuKmLkXzH8i6LXeP/lCj2yow70Sm3Po1n5TueOxQ=="
    },
    "js-tokens": {
      "version": "4.0.0",
      "resolved": "https://registry.npmjs.org/js-tokens/-/js-tokens-4.0.0.tgz",
      "integrity": "sha512-RdJUflcE3cUzKiMqQgsCu06FPu9UdIJO0beYbPhHN4k6apgJtifcoCtT9bcxOpYBtpD2kCM6Sbzg4CausW/PKQ=="
    },
    "loose-envify": {
      "version": "1.4.0",
      "resolved": "https://registry.npmjs.org/loose-envify/-/loose-envify-1.4.0.tgz",
      "integrity": "sha512-lyuxPGr/Wfhrlem2CL/UcnUc1zcqKAImBDzukY7Y5F/yQiNdko6+fRLevlw1HgMySw7f611UIY408EtxRSoK3Q==",
      "requires": {
        "js-tokens": "^3.0.0 || ^4.0.0"
      }
    },
    "object-assign": {
      "version": "4.1.1",
      "resolved": "https://registry.npmjs.org/object-assign/-/object-assign-4.1.1.tgz",
      "integrity": "sha1-IQmtx5ZYh8/AXLvUQsrIv7s2CGM="
    },
    "prop-types": {
      "version": "15.7.2",
      "resolved": "https://registry.npmjs.org/prop-types/-/prop-types-15.7.2.tgz",
      "integrity": "sha512-8QQikdH7//R2vurIJSutZ1smHYTcLpRWEOlHnzcWHmBYrOGUysKwSsrC89BCiFj3CbrfJ/nXFdJepOVrY1GCHQ==",
      "requires": {
        "loose-envify": "^1.4.0",
        "object-assign": "^4.1.1",
        "react-is": "^16.8.1"
      }
    },
    "react": {
      "version": "16.9.0",
      "resolved": "https://registry.npmjs.org/react/-/react-16.9.0.tgz",
      "integrity": "sha512-+7LQnFBwkiw+BobzOF6N//BdoNw0ouwmSJTEm9cglOOmsg/TMiFHZLe2sEoN5M7LgJTj9oHH0gxklfnQe66S1w==",
      "requires": {
        "loose-envify": "^1.1.0",
        "object-assign": "^4.1.1",
        "prop-types": "^15.6.2"
      }
    },
    "react-dom": {
      "version": "16.9.0",
      "resolved": "https://registry.npmjs.org/react-dom/-/react-dom-16.9.0.tgz",
      "integrity": "sha512-YFT2rxO9hM70ewk9jq0y6sQk8cL02xm4+IzYBz75CQGlClQQ1Bxq0nhHF6OtSbit+AIahujJgb/CPRibFkMNJQ==",
      "requires": {
        "loose-envify": "^1.1.0",
        "object-assign": "^4.1.1",
        "prop-types": "^15.6.2",
        "scheduler": "^0.15.0"
      }
    },
    "react-is": {
      "version": "16.9.0",
      "resolved": "https://registry.npmjs.org/react-is/-/react-is-16.9.0.tgz",
      "integrity": "sha512-tJBzzzIgnnRfEm046qRcURvwQnZVXmuCbscxUO5RWrGTXpon2d4c8mI0D8WE6ydVIm29JiLB6+RslkIvym9Rjw=="
    },
    "scheduler": {
      "version": "0.15.0",
      "resolved": "https://registry.npmjs.org/scheduler/-/scheduler-0.15.0.tgz",
      "integrity": "sha512-xAefmSfN6jqAa7Kuq7LIJY0bwAPG3xlCj0HMEBQk1lxYiDKZscY2xJ5U/61ZTrYbmNQbXa+gc7czPkVo11tnCg==",
      "requires": {
        "loose-envify": "^1.1.0",
        "object-assign": "^4.1.1"
      }
    }
  }
}
