{
  "requires": true,
  "lockfileVersion": 1,
  "dependencies": {
    "@types/prop-types": {
      "version": "15.7.3",
      "resolved": "https://registry.npmjs.org/@types/prop-types/-/prop-types-15.7.3.tgz",
      "integrity": "sha512-KfRL3PuHmqQLOG+2tGpRO26Ctg+Cq1E01D2DMriKEATHgWLfeNDmq9e29Q9WIky0dQ3NPkd1mzYH8Lm936Z9qw==",
      "dev": true
    },
    "@types/react": {
      "version": "16.9.49",
      "resolved": "https://registry.npmjs.org/@types/react/-/react-16.9.49.tgz",
      "integrity": "sha512-DtLFjSj0OYAdVLBbyjhuV9CdGVHCkHn2R+xr3XkBvK2rS1Y1tkc14XSGjYgm5Fjjr90AxH9tiSzc1pCFMGO06g==",
      "dev": true,
      "requires": {
        "@types/prop-types": "*",
        "csstype": "^3.0.2"
      }
    },
    "@types/react-dom": {
      "version": "16.9.8",
      "resolved": "https://registry.npmjs.org/@types/react-dom/-/react-dom-16.9.8.tgz",
      "integrity": "sha512-ykkPQ+5nFknnlU6lDd947WbQ6TE3NNzbQAkInC2EKY1qeYdTKp7onFusmYZb+ityzx2YviqT6BXSu+LyWWJwcA==",
      "dev": true,
      "requires": {
        "@types/react": "*"
      }
    },
    "@zoltu/ethereum-abi-encoder": {
      "version": "5.0.2",
      "resolved": "https://registry.npmjs.org/@zoltu/ethereum-abi-encoder/-/ethereum-abi-encoder-5.0.2.tgz",
      "integrity": "sha512-NgBph0y1Lnmfncr3lAysFV2M13fUfVwfGrxwpSDvwRvxJ7QIcFKcwA32j4Z/PM9UP0MIPRH6A01JGShCkCDONw=="
    },
    "@zoltu/ethereum-browser-sdk": {
      "version": "file:../ethereum-browser-sdk/library"
    },
    "@zoltu/ethereum-crypto": {
      "version": "2.1.3",
      "resolved": "https://registry.npmjs.org/@zoltu/ethereum-crypto/-/ethereum-crypto-2.1.3.tgz",
      "integrity": "sha512-ijGcuE0feUntMaKK3fZX3f10LGbMG2axu2/Fy0+xKjAgjIzzc7NwhkEQLmNE5SJ1EWHrTHlln1aNxpD/nMYHiw=="
    },
    "@zoltu/ethereum-fetch-json-rpc": {
      "version": "13.0.1",
      "resolved": "https://registry.npmjs.org/@zoltu/ethereum-fetch-json-rpc/-/ethereum-fetch-json-rpc-13.0.1.tgz",
      "integrity": "sha512-r5p07WUvZh9iL351luBktx0KIToo8JiZSpupaX4V9LbbRV0gTlCbv8CLHXGHCgY8ATpoguu6i41wLrvhObRDWA==",
      "requires": {
        "@zoltu/ethereum-types": "9.0.0"
      },
      "dependencies": {
        "@zoltu/ethereum-types": {
          "version": "9.0.0",
          "resolved": "https://registry.npmjs.org/@zoltu/ethereum-types/-/ethereum-types-9.0.0.tgz",
          "integrity": "sha512-6dVFV5KfecaEoHNQzetBtYVFUQwdo7Am2k+3HTcTMwY0m5zcUxJSfZzjWdsEsy9xRII8uGg6JLq1KZYQ4mxnEg=="
        }
      }
    },
    "@zoltu/ethereum-ledger": {
      "version": "3.0.1",
      "resolved": "https://registry.npmjs.org/@zoltu/ethereum-ledger/-/ethereum-ledger-3.0.1.tgz",
      "integrity": "sha512-gRXRtHSUAwbD0QKJNZV+i5MXa9v/AVdHZyvZQGIufj5cE5+aTB9VHcuTlryaB7E0dOwdxwvo3/4EuU6Jph7QYA=="
    },
    "@zoltu/ethereum-types": {
      "version": "9.0.0",
      "resolved": "https://registry.npmjs.org/@zoltu/ethereum-types/-/ethereum-types-9.0.0.tgz",
      "integrity": "sha512-6dVFV5KfecaEoHNQzetBtYVFUQwdo7Am2k+3HTcTMwY0m5zcUxJSfZzjWdsEsy9xRII8uGg6JLq1KZYQ4mxnEg=="
    },
    "@zoltu/recoverable-wallet-library": {
      "version": "file:../../recoverable-wallet/contracts",
      "requires": {
        "@zoltu/ethereum-abi-encoder": "4.0.0"
      },
      "dependencies": {
        "@zoltu/ethereum-abi-encoder": {
          "version": "4.0.0",
          "resolved": "https://registry.npmjs.org/@zoltu/ethereum-abi-encoder/-/ethereum-abi-encoder-4.0.0.tgz",
          "integrity": "sha512-lkAMZEze6mqTHgoX0fhSoqQGwcbqpVGeVNEH6IDRdb6ZM4JEZbTxazNa4ejcX8eQn9tFa8GMW+6GN7N9XcM3ng=="
        }
      }
    },
    "@zoltu/rlp-encoder": {
      "version": "2.0.3",
      "resolved": "https://registry.npmjs.org/@zoltu/rlp-encoder/-/rlp-encoder-2.0.3.tgz",
      "integrity": "sha512-XZjuFDfmzT9xS7gPGvEDdi2Bhbbm1yHeZobhX7YTXTQRousvUXkknMCQ13b7WuhF6lG9hzVREYN2L3lIxE/1Ng=="
    },
    "csstype": {
      "version": "3.0.3",
      "resolved": "https://registry.npmjs.org/csstype/-/csstype-3.0.3.tgz",
      "integrity": "sha512-jPl+wbWPOWJ7SXsWyqGRk3lGecbar0Cb0OvZF/r/ZU011R4YqiRehgkQ9p4eQfo9DSDLqLL3wHwfxeJiuIsNag==",
      "dev": true
    },
    "es-module-shims": {
      "version": "0.6.0",
      "resolved": "https://registry.npmjs.org/es-module-shims/-/es-module-shims-0.6.0.tgz",
      "integrity": "sha512-KbhvFoMD5r51T/aAwQODUHns0gerLYoWlWRWVxkMCg1tT2NV7ut70xuWKtG4ztZEXGuEjPrOzmOFQX0gpHbHUQ=="
    },
    "js-tokens": {
      "version": "4.0.0",
      "resolved": "https://registry.npmjs.org/js-tokens/-/js-tokens-4.0.0.tgz",
      "integrity": "sha512-RdJUflcE3cUzKiMqQgsCu06FPu9UdIJO0beYbPhHN4k6apgJtifcoCtT9bcxOpYBtpD2kCM6Sbzg4CausW/PKQ=="
    },
    "loose-envify": {
      "version": "1.4.0",
      "resolved": "https://registry.npmjs.org/loose-envify/-/loose-envify-1.4.0.tgz",
      "integrity": "sha512-lyuxPGr/Wfhrlem2CL/UcnUc1zcqKAImBDzukY7Y5F/yQiNdko6+fRLevlw1HgMySw7f611UIY408EtxRSoK3Q==",
      "requires": {
        "js-tokens": "^3.0.0 || ^4.0.0"
      }
    },
    "object-assign": {
      "version": "4.1.1",
      "resolved": "https://registry.npmjs.org/object-assign/-/object-assign-4.1.1.tgz",
      "integrity": "sha1-IQmtx5ZYh8/AXLvUQsrIv7s2CGM="
    },
    "prop-types": {
      "version": "15.7.2",
      "resolved": "https://registry.npmjs.org/prop-types/-/prop-types-15.7.2.tgz",
      "integrity": "sha512-8QQikdH7//R2vurIJSutZ1smHYTcLpRWEOlHnzcWHmBYrOGUysKwSsrC89BCiFj3CbrfJ/nXFdJepOVrY1GCHQ==",
      "requires": {
        "loose-envify": "^1.4.0",
        "object-assign": "^4.1.1",
        "react-is": "^16.8.1"
      }
    },
    "react": {
      "version": "16.13.1",
      "resolved": "https://registry.npmjs.org/react/-/react-16.13.1.tgz",
      "integrity": "sha512-YMZQQq32xHLX0bz5Mnibv1/LHb3Sqzngu7xstSM+vrkE5Kzr9xE0yMByK5kMoTK30YVJE61WfbxIFFvfeDKT1w==",
      "requires": {
        "loose-envify": "^1.1.0",
        "object-assign": "^4.1.1",
        "prop-types": "^15.6.2"
      }
    },
    "react-dom": {
      "version": "16.13.1",
      "resolved": "https://registry.npmjs.org/react-dom/-/react-dom-16.13.1.tgz",
      "integrity": "sha512-81PIMmVLnCNLO/fFOQxdQkvEq/+Hfpv24XNJfpyZhTRfO0QcmQIF/PgCa1zCOj2w1hrn12MFLyaJ/G0+Mxtfag==",
      "requires": {
        "loose-envify": "^1.1.0",
        "object-assign": "^4.1.1",
        "prop-types": "^15.6.2",
        "scheduler": "^0.19.1"
      }
    },
    "react-is": {
      "version": "16.13.1",
      "resolved": "https://registry.npmjs.org/react-is/-/react-is-16.13.1.tgz",
      "integrity": "sha512-24e6ynE2H+OKt4kqsOvNd8kBpV65zoxbA4BVsEOB3ARVWQki/DHzaUoC5KuON/BiccDaCCTZBuOcfZs70kR8bQ=="
    },
    "scheduler": {
      "version": "0.19.1",
      "resolved": "https://registry.npmjs.org/scheduler/-/scheduler-0.19.1.tgz",
      "integrity": "sha512-n/zwRWRYSUj0/3g/otKDRPMh6qv2SYMWNq85IEa8iZyAv8od9zDYpGSnpBEjNgcMNq6Scbu5KfIPxNF72R/2EA==",
      "requires": {
        "loose-envify": "^1.1.0",
        "object-assign": "^4.1.1"
      }
    }
  }
}
