{
	"requires": true,
	"lockfileVersion": 1,
	"dependencies": {
		"@types/firefox-webext-browser": {
			"version": "67.0.2",
			"resolved": "https://registry.npmjs.org/@types/firefox-webext-browser/-/firefox-webext-browser-67.0.2.tgz",
			"integrity": "sha512-tXR5THtH5Fqwfmi4y/2dTxCTebqHsKCH2bif/VdE5CPcB/S5x5fu+N+wBuMENzN41agovHMU/LQbtWNV+Aux+w==",
			"dev": true
		},
		"@zoltu/ethereum-abi-encoder": {
			"version": "3.2.2",
			"resolved": "https://registry.npmjs.org/@zoltu/ethereum-abi-encoder/-/ethereum-abi-encoder-3.2.2.tgz",
			"integrity": "sha512-ldYmETafDzrI0LeVgxnHdMJ7zSOlftBJjnEmKqkq7yesBtET7lrmcoxDHCnllor+/+l/pnru2+G3FBK2GS0F6g=="
		},
		"@zoltu/ethereum-browser-sdk": {
			"version": "file:../ethereum-browser-sdk/library"
		},
		"@zoltu/ethereum-crypto": {
			"version": "2.1.0",
			"resolved": "https://registry.npmjs.org/@zoltu/ethereum-crypto/-/ethereum-crypto-2.1.0.tgz",
			"integrity": "sha512-7ENMuyGUKUtV6YWAsIfTOJGt0pYeOh+1o+CeoJJ2b58RIjE/Vvdq32dcc19P1LoLNW/CmxH2SaEi1/pZkpLsqA=="
		},
		"@zoltu/ethereum-fetch-json-rpc": {
			"version": "file:../../ethereum-fetch-json-rpc",
			"requires": {
				"@zoltu/ethereum-types": "file:../../ethereum-types"
			}
		},
		"@zoltu/ethereum-ledger": {
			"version": "3.0.0",
			"resolved": "https://registry.npmjs.org/@zoltu/ethereum-ledger/-/ethereum-ledger-3.0.0.tgz",
			"integrity": "sha512-uHrHSpo/zjQj2QzGwRWgqF52NTq/YVkLdMhC1eAwmDQ1OrAgiTtJ3PeNc4bXkY0Vh88DQIqCgMXTu4cKHv65Aw=="
		},
		"@zoltu/ethereum-types": {
			"version": "file:../../ethereum-types"
		},
		"es-module-shims": {
			"version": "0.4.5",
			"resolved": "https://registry.npmjs.org/es-module-shims/-/es-module-shims-0.4.5.tgz",
			"integrity": "sha512-ZswOhFAZug93sma2ck7/YnqsfxV7SWLhXY7Rsw5reU12LTPuKmLkXzH8i6LXeP/lCj2yow70Sm3Po1n5TueOxQ=="
		},
		"recursive-fs": {
			"version": "1.1.2",
			"resolved": "https://registry.npmjs.org/recursive-fs/-/recursive-fs-1.1.2.tgz",
			"integrity": "sha512-QPFEt5EwzwlHoqYsZc+NkUSyDTQf1Hvq7c/kpQJHi77OSCAiDXI3wfB0J04ZG+ekGHmv37mdR8MDPEshD3/RlQ==",
			"dev": true
		},
		"typescript": {
			"version": "3.6.3",
			"resolved": "https://registry.npmjs.org/typescript/-/typescript-3.6.3.tgz",
			"integrity": "sha512-N7bceJL1CtRQ2RiG0AQME13ksR7DiuQh/QehubYcghzv20tnh+MQnQIuJddTmsbqYj+dztchykemz0zFzlvdQw==",
			"dev": true
		},
		"webextension-polyfill": {
			"version": "0.4.0",
			"resolved": "https://registry.npmjs.org/webextension-polyfill/-/webextension-polyfill-0.4.0.tgz",
			"integrity": "sha512-oreMp+EoAo1pzRMigx4jB5jInIpx6NTCySPSjGyLLee/dCIPiRqowCEfbFP8o20wz9SOtNwSsfkaJ9D/tRgpag=="
		}
	}
}
