{
	"requires": true,
	"lockfileVersion": 1,
	"dependencies": {
		"@types/firefox-webext-browser": {
			"version": "67.0.2",
			"resolved": "https://registry.npmjs.org/@types/firefox-webext-browser/-/firefox-webext-browser-67.0.2.tgz",
			"integrity": "sha512-tXR5THtH5Fqwfmi4y/2dTxCTebqHsKCH2bif/VdE5CPcB/S5x5fu+N+wBuMENzN41agovHMU/LQbtWNV+Aux+w==",
			"dev": true
		},
		"@zoltu/ethereum-browser-sdk": {
			"version": "file:../ethereum-browser-sdk/library"
		},
		"@zoltu/ethereum-types": {
			"version": "3.0.0",
			"resolved": "https://registry.npmjs.org/@zoltu/ethereum-types/-/ethereum-types-3.0.0.tgz",
			"integrity": "sha512-Je+Nr853rqTL4CbexYl7UaFGN5zKdByzmU+URtaTRG1QS8B4eLLgD1vmZxAzlDuQC9lFstuFCSEYggkHkfJ7cw=="
		},
		"recursive-fs": {
			"version": "1.1.2",
			"resolved": "https://registry.npmjs.org/recursive-fs/-/recursive-fs-1.1.2.tgz",
			"integrity": "sha512-QPFEt5EwzwlHoqYsZc+NkUSyDTQf1Hvq7c/kpQJHi77OSCAiDXI3wfB0J04ZG+ekGHmv37mdR8MDPEshD3/RlQ==",
			"dev": true
		},
		"webextension-polyfill": {
			"version": "0.4.0",
			"resolved": "https://registry.npmjs.org/webextension-polyfill/-/webextension-polyfill-0.4.0.tgz",
			"integrity": "sha512-oreMp+EoAo1pzRMigx4jB5jInIpx6NTCySPSjGyLLee/dCIPiRqowCEfbFP8o20wz9SOtNwSsfkaJ9D/tRgpag=="
		}
	}
}
